Microsoft Visual Studio Solution File, Format Version 12.00
# Visual Studio Version 16
VisualStudioVersion = 16.0.31112.23
MinimumVisualStudioVersion = 10.0.40219.1
Project("{656346D9-4656-40DA-A068-22D5425D4639}") = "AllocateTensor", "Src\AllocateTensor\AllocateTensor.elements", "{98386E26-06E1-46A4-8F52-EE4F28D0047F}"
EndProject
Project("{656346D9-4656-40DA-A068-22D5425D4639}") = "ApiHelpers", "Src\ApiHelpers\ApiHelpers.elements", "{815962A4-7803-4989-8990-A296FC7CBAD1}"
EndProject
Project("{656346D9-4656-40DA-A068-22D5425D4639}") = "CreateTensor", "Src\CreateTensor\CreateTensor.elements", "{B34587A9-F238-4F26-88D2-4435D962C1F9}"
EndProject
Project("{656346D9-4656-40DA-A068-22D5425D4639}") = "HelloTensorFlow", "Src\HelloTensorFlow\HelloTensorFlow.elements", "{1CA22AB7-6B08-4C90-8A06-B20EADD87B89}"
EndProject
Project("{656346D9-4656-40DA-A068-22D5425D4639}") = "GraphInfo", "Src\GraphInfo\GraphInfo.elements", "{A32DBDE9-D6C2-46CA-9577-BD148C32563C}"
EndProject
Project("{656346D9-4656-40DA-A068-22D5425D4639}") = "InterfaceTest", "Src\InterfaceTest\InterfaceTest.elements", "{58D3D641-7D86-4B84-AE39-53C9104ABA75}"
EndProject
Project("{656346D9-4656-40DA-A068-22D5425D4639}") = "SessionRun", "Src\SessionRun\SessionRun.elements", "{FA85C2D4-DA57-4185-9440-CD36781E5105}"
EndProject
Project("{656346D9-4656-40DA-A068-22D5425D4639}") = "StringEncode", "Src\StringEncode\StringEncode.elements", "{2ECD77D3-3DBB-45E7-954C-4E0780E6308A}"
EndProject
Project("{656346D9-4656-40DA-A068-22D5425D4639}") = "TensorInfo", "Src\TensorInfo\TensorInfo.elements", "{8AB79AB3-C021-47BA-9A3F-CF4CB4A66B8C}"
EndProject
Global
	GlobalSection(SolutionConfigurationPlatforms) = preSolution
		Debug|Default = Debug|Default
		Release|Default = Release|Default
	EndGlobalSection
	GlobalSection(ProjectConfigurationPlatforms) = postSolution
		{98386E26-06E1-46A4-8F52-EE4F28D0047F}.Debug|Default.ActiveCfg = Debug
		{98386E26-06E1-46A4-8F52-EE4F28D0047F}.Debug|Default.Build.0 = Debug
		{98386E26-06E1-46A4-8F52-EE4F28D0047F}.Debug|Default.Deploy.0 = Debug
		{98386E26-06E1-46A4-8F52-EE4F28D0047F}.Release|Default.ActiveCfg = Release
		{98386E26-06E1-46A4-8F52-EE4F28D0047F}.Release|Default.Build.0 = Release
		{815962A4-7803-4989-8990-A296FC7CBAD1}.Debug|Default.ActiveCfg = Debug
		{815962A4-7803-4989-8990-A296FC7CBAD1}.Debug|Default.Build.0 = Debug
		{815962A4-7803-4989-8990-A296FC7CBAD1}.Debug|Default.Deploy.0 = Debug
		{815962A4-7803-4989-8990-A296FC7CBAD1}.Release|Default.ActiveCfg = Release
		{815962A4-7803-4989-8990-A296FC7CBAD1}.Release|Default.Build.0 = Release
		{B34587A9-F238-4F26-88D2-4435D962C1F9}.Debug|Default.ActiveCfg = Debug
		{B34587A9-F238-4F26-88D2-4435D962C1F9}.Debug|Default.Build.0 = Debug
		{B34587A9-F238-4F26-88D2-4435D962C1F9}.Debug|Default.Deploy.0 = Debug
		{B34587A9-F238-4F26-88D2-4435D962C1F9}.Release|Default.ActiveCfg = Release
		{B34587A9-F238-4F26-88D2-4435D962C1F9}.Release|Default.Build.0 = Release
		{1CA22AB7-6B08-4C90-8A06-B20EADD87B89}.Debug|Default.ActiveCfg = Debug
		{1CA22AB7-6B08-4C90-8A06-B20EADD87B89}.Debug|Default.Build.0 = Debug
		{1CA22AB7-6B08-4C90-8A06-B20EADD87B89}.Release|Default.ActiveCfg = Release
		{1CA22AB7-6B08-4C90-8A06-B20EADD87B89}.Release|Default.Build.0 = Release
		{A32DBDE9-D6C2-46CA-9577-BD148C32563C}.Debug|Default.ActiveCfg = Debug
		{A32DBDE9-D6C2-46CA-9577-BD148C32563C}.Debug|Default.Build.0 = Debug
		{A32DBDE9-D6C2-46CA-9577-BD148C32563C}.Release|Default.ActiveCfg = Release
		{A32DBDE9-D6C2-46CA-9577-BD148C32563C}.Release|Default.Build.0 = Release
		{58D3D641-7D86-4B84-AE39-53C9104ABA75}.Debug|Default.ActiveCfg = Debug
		{58D3D641-7D86-4B84-AE39-53C9104ABA75}.Debug|Default.Build.0 = Debug
		{58D3D641-7D86-4B84-AE39-53C9104ABA75}.Release|Default.ActiveCfg = Release
		{58D3D641-7D86-4B84-AE39-53C9104ABA75}.Release|Default.Build.0 = Release
		{FA85C2D4-DA57-4185-9440-CD36781E5105}.Debug|Default.ActiveCfg = Debug
		{FA85C2D4-DA57-4185-9440-CD36781E5105}.Debug|Default.Build.0 = Debug
		{FA85C2D4-DA57-4185-9440-CD36781E5105}.Release|Default.ActiveCfg = Release
		{FA85C2D4-DA57-4185-9440-CD36781E5105}.Release|Default.Build.0 = Release
		{2ECD77D3-3DBB-45E7-954C-4E0780E6308A}.Debug|Default.ActiveCfg = Debug
		{2ECD77D3-3DBB-45E7-954C-4E0780E6308A}.Debug|Default.Build.0 = Debug
		{2ECD77D3-3DBB-45E7-954C-4E0780E6308A}.Release|Default.ActiveCfg = Release
		{2ECD77D3-3DBB-45E7-954C-4E0780E6308A}.Release|Default.Build.0 = Release
		{8AB79AB3-C021-47BA-9A3F-CF4CB4A66B8C}.Debug|Default.ActiveCfg = Debug
		{8AB79AB3-C021-47BA-9A3F-CF4CB4A66B8C}.Debug|Default.Build.0 = Debug
		{8AB79AB3-C021-47BA-9A3F-CF4CB4A66B8C}.Release|Default.ActiveCfg = Release
		{8AB79AB3-C021-47BA-9A3F-CF4CB4A66B8C}.Release|Default.Build.0 = Release
	EndGlobalSection
	GlobalSection(SolutionProperties) = preSolution
		HideSolutionNode = FALSE
	EndGlobalSection
	GlobalSection(ExtensibilityGlobals) = postSolution
		SolutionGuid = {597E1B57-CBD1-461F-801F-8F5565FE97C9}
	EndGlobalSection
EndGlobal
